
Microsoft Visual Studio Solution File, Format Version 12.00
# Visual Studio Version 17
VisualStudioVersion = 17.5.33502.453
MinimumVisualStudioVersion = 10.0.40219.1
Project("{FAE04EC0-301F-11D3-BF4B-00C04F79EFBC}") = "Text-Editor", "Text-Editor\Text-Editor.csproj", "{FA14E972-E955-4AF6-B998-DCFC72D82130}"
EndProject
Global
	GlobalSection(SolutionConfigurationPlatforms) = preSolution
		Debug|Any CPU = Debug|Any CPU
		Release|Any CPU = Release|Any CPU
	EndGlobalSection
	GlobalSection(ProjectConfigurationPlatforms) = postSolution
		{FA14E972-E955-4AF6-B998-DCFC72D82130}.Debug|Any CPU.ActiveCfg = Debug|Any CPU
		{FA14E972-E955-4AF6-B998-DCFC72D82130}.Debug|Any CPU.Build.0 = Debug|Any CPU
		{FA14E972-E955-4AF6-B998-DCFC72D82130}.Release|Any CPU.ActiveCfg = Release|Any CPU
		{FA14E972-E955-4AF6-B998-DCFC72D82130}.Release|Any CPU.Build.0 = Release|Any CPU
	EndGlobalSection
	GlobalSection(SolutionProperties) = preSolution
		HideSolutionNode = FALSE
	EndGlobalSection
	GlobalSection(ExtensibilityGlobals) = postSolution
		SolutionGuid = {AA770891-7F6A-4D1C-AAE4-3DB923D29952}
	EndGlobalSection
EndGlobal
